<?xml version="1.0" encoding="utf-8"?>
<Project ToolsVersion="4.0" xmlns="http://schemas.microsoft.com/developer/msbuild/2003">
  <ItemGroup>
    <Filter Include="Source Files">
      <UniqueIdentifier>{4FC737F1-C7A5-4376-A066-2A32D752A2FF}</UniqueIdentifier>
      <Extensions>cpp;c;cc;cxx;def;odl;idl;hpj;bat;asm;asmx</Extensions>
    </Filter>
    <Filter Include="Header Files">
      <UniqueIdentifier>{93995380-89BD-4b04-88EB-625FBE52EBFB}</UniqueIdentifier>
      <Extensions>h;hh;hpp;hxx;hm;inl;inc;ipp;xsd</Extensions>
    </Filter>
    <Filter Include="Resource Files">
      <UniqueIdentifier>{67DA6AB6-F800-4c08-8B7A-83BB121AAD01}</UniqueIdentifier>
      <Extensions>rc;ico;cur;bmp;dlg;rc2;rct;bin;rgs;gif;jpg;jpeg;jpe;resx;tiff;tif;png;wav;mfcribbon-ms</Extensions>
    </Filter>
    <Filter Include="App">
      <UniqueIdentifier>{c7e1e7e8-5419-4015-9ad3-883f65c0f6d1}</UniqueIdentifier>
    </Filter>
    <Filter Include="Common">
      <UniqueIdentifier>{79666787-dcad-474e-9dc8-e85d5fd5a741}</UniqueIdentifier>
    </Filter>
    <Filter Include="Initialization">
      <UniqueIdentifier>{07a2f600-ce1b-4e38-831e-34a2ae85f98a}</UniqueIdentifier>
    </Filter>
    <Filter Include="Actors">
      <UniqueIdentifier>{11a1c575-8508-4adf-9b4e-388dd331e838}</UniqueIdentifier>
    </Filter>
    <Filter Include="Graphics3D">
      <UniqueIdentifier>{613e4c2e-0f10-458a-b2ee-748c3033a87b}</UniqueIdentifier>
    </Filter>
    <Filter Include="ResourceCache">
      <UniqueIdentifier>{d645f900-4704-4dc9-b53f-3658213907e0}</UniqueIdentifier>
    </Filter>
    <Filter Include="Utilities">
      <UniqueIdentifier>{81ab5ea7-f4e4-4bf9-a858-48e9eac9d06f}</UniqueIdentifier>
    </Filter>
    <Filter Include="MainLoop">
      <UniqueIdentifier>{d7703c03-660c-4b17-a577-668c39aff2f2}</UniqueIdentifier>
    </Filter>
    <Filter Include="UserInterface">
      <UniqueIdentifier>{282369e8-e6e9-485a-8329-967aba2f18e6}</UniqueIdentifier>
    </Filter>
    <Filter Include="EventManager">
      <UniqueIdentifier>{c297ca16-239c-4807-ad80-94a8ae9644c6}</UniqueIdentifier>
    </Filter>
    <Filter Include="LUAScripting">
      <UniqueIdentifier>{d3feda4a-1d59-4db9-8ff3-2f83394ca6b9}</UniqueIdentifier>
    </Filter>
    <Filter Include="Multicore">
      <UniqueIdentifier>{bbcb4312-099f-494e-8d3d-49ffd84f1f5a}</UniqueIdentifier>
    </Filter>
  </ItemGroup>
  <ItemGroup>
    <ClInclude Include="Common\CommonStd.h">
      <Filter>Common</Filter>
    </ClInclude>
    <ClInclude Include="App\App.h">
      <Filter>App</Filter>
    </ClInclude>
    <ClInclude Include="Initialization\Initialization.h">
      <Filter>Initialization</Filter>
    </ClInclude>
    <ClInclude Include="Actors\ActorFactory.h">
      <Filter>Actors</Filter>
    </ClInclude>
    <ClInclude Include="Actors\ActorComponent.h">
      <Filter>Actors</Filter>
    </ClInclude>
    <ClInclude Include="Graphics3D\Geometry.h">
      <Filter>Graphics3D</Filter>
    </ClInclude>
    <ClInclude Include="ResourceCache\XmlResource.h">
      <Filter>ResourceCache</Filter>
    </ClInclude>
    <ClInclude Include="Common\interfaces.h">
      <Filter>Common</Filter>
    </ClInclude>
    <ClInclude Include="Common\templates.h">
      <Filter>Common</Filter>
    </ClInclude>
    <ClInclude Include="Actors\Actor.h">
      <Filter>Actors</Filter>
    </ClInclude>
    <ClInclude Include="MainLoop\Process.h">
      <Filter>MainLoop</Filter>
    </ClInclude>
    <ClInclude Include="App\BaseAppLogic.h">
      <Filter>App</Filter>
    </ClInclude>
    <ClInclude Include="Utilities\String.h">
      <Filter>Utilities</Filter>
    </ClInclude>
    <ClInclude Include="MainLoop\ProcessManager.h">
      <Filter>MainLoop</Filter>
    </ClInclude>
    <ClInclude Include="Utilities\Math.h">
      <Filter>Utilities</Filter>
    </ClInclude>
    <ClInclude Include="ResourceCache\ResCache.h">
      <Filter>ResourceCache</Filter>
    </ClInclude>
    <ClInclude Include="ResourceCache\ZipFile.h">
      <Filter>ResourceCache</Filter>
    </ClInclude>
    <ClInclude Include="Actors\TransformComponent.h">
      <Filter>Actors</Filter>
    </ClInclude>
    <ClInclude Include="Common\types.h">
      <Filter>Common</Filter>
    </ClInclude>
    <ClInclude Include="Graphics3D\D3DRenderer.h">
      <Filter>Graphics3D</Filter>
    </ClInclude>
    <ClInclude Include="UserInterface\HumanView.h">
      <Filter>UserInterface</Filter>
    </ClInclude>
    <ClInclude Include="Graphics3D\MovementController.h">
      <Filter>Graphics3D</Filter>
    </ClInclude>
    <ClInclude Include="Graphics3D\Scene.h">
      <Filter>Graphics3D</Filter>
    </ClInclude>
    <ClInclude Include="Graphics3D\SceneNodes.h">
      <Filter>Graphics3D</Filter>
    </ClInclude>
    <ClInclude Include="UserInterface\UserInterface.h">
      <Filter>UserInterface</Filter>
    </ClInclude>
    <ClInclude Include="EventManager\EventManager.h">
      <Filter>EventManager</Filter>
    </ClInclude>
    <ClInclude Include="EventManager\EventManagerImpl.h">
      <Filter>EventManager</Filter>
    </ClInclude>
    <ClInclude Include="EventManager\Events.h">
      <Filter>EventManager</Filter>
    </ClInclude>
    <ClInclude Include="LUAScripting\LuaStateManager.h">
      <Filter>LUAScripting</Filter>
    </ClInclude>
    <ClInclude Include="Multicore\CriticalSection.h">
      <Filter>Multicore</Filter>
    </ClInclude>
    <ClInclude Include="UserInterface\MessageBox.h">
      <Filter>UserInterface</Filter>
    </ClInclude>
    <ClInclude Include="LUAScripting\ScriptExports.h">
      <Filter>Header Files</Filter>
    </ClInclude>
    <ClInclude Include="LUAScripting\ScriptProcess.h">
      <Filter>Header Files</Filter>
    </ClInclude>
    <ClInclude Include="LUAScripting\ScriptEvent.h">
      <Filter>Header Files</Filter>
    </ClInclude>
    <ClInclude Include="Actors\BaseScriptComponent.h">
      <Filter>Header Files</Filter>
    </ClInclude>
    <ClInclude Include="Actors\ScriptComponentInterface.h">
      <Filter>Header Files</Filter>
    </ClInclude>
    <ClInclude Include="Audio\SoundResource.h">
      <Filter>Header Files</Filter>
    </ClInclude>
    <ClInclude Include="Audio\Audio.h">
      <Filter>Header Files</Filter>
    </ClInclude>
    <ClInclude Include="Audio\DirectSoundAudio.h">
      <Filter>Header Files</Filter>
    </ClInclude>
    <ClInclude Include="Audio\SoundProcess.h">
      <Filter>Header Files</Filter>
    </ClInclude>
    <ClInclude Include="Graphics3D\Material.h">
      <Filter>Header Files</Filter>
    </ClInclude>
    <ClInclude Include="Graphics3D\Shaders.h">
      <Filter>Header Files</Filter>
    </ClInclude>
    <ClInclude Include="Graphics3D\Lights.h">
      <Filter>Header Files</Filter>
    </ClInclude>
    <ClInclude Include="Actors\RenderComponent.h">
      <Filter>Header Files</Filter>
    </ClInclude>
    <ClInclude Include="Actors\RenderComponentInterface.h">
      <Filter>Header Files</Filter>
    </ClInclude>
    <ClInclude Include="Graphics3D\Mesh.h">
      <Filter>Header Files</Filter>
    </ClInclude>
    <ClInclude Include="Graphics3D\Raycast.h">
      <Filter>Header Files</Filter>
    </ClInclude>
    <ClInclude Include="Physics\Physics.h">
      <Filter>Header Files</Filter>
    </ClInclude>
    <ClInclude Include="Graphics3D\Sky.h">
      <Filter>Header Files</Filter>
    </ClInclude>
    <ClInclude Include="Physics\PhysicsEventListener.h">
      <Filter>Header Files</Filter>
    </ClInclude>
    <ClInclude Include="Physics\PhysicsDebugDrawer.h">
      <Filter>Header Files</Filter>
    </ClInclude>
    <ClInclude Include="AI\Pathing.h">
      <Filter>Header Files</Filter>
    </ClInclude>
    <ClInclude Include="Memory\MemoryPool.h">
      <Filter>Header Files</Filter>
    </ClInclude>
    <ClInclude Include="Memory\MemoryMacros.h">
      <Filter>Header Files</Filter>
    </ClInclude>
  </ItemGroup>
  <ItemGroup>
    <ClCompile Include="Common\CommonStd.cpp">
      <Filter>Common</Filter>
    </ClCompile>
    <ClCompile Include="App\AppInst.cpp">
      <Filter>App</Filter>
    </ClCompile>
    <ClCompile Include="App\App.cpp">
      <Filter>App</Filter>
    </ClCompile>
    <ClCompile Include="Actors\ActorFactory.cpp">
      <Filter>Actors</Filter>
    </ClCompile>
    <ClCompile Include="Initialization\Initialization.cpp">
      <Filter>Initialization</Filter>
    </ClCompile>
    <ClCompile Include="Actors\Actor.cpp">
      <Filter>Actors</Filter>
    </ClCompile>
    <ClCompile Include="MainLoop\Process.cpp">
      <Filter>MainLoop</Filter>
    </ClCompile>
    <ClCompile Include="MainLoop\ProcessManager.cpp">
      <Filter>MainLoop</Filter>
    </ClCompile>
    <ClCompile Include="Utilities\Math.cpp">
      <Filter>Utilities</Filter>
    </ClCompile>
    <ClCompile Include="Utilities\MathRandom.cpp">
      <Filter>Utilities</Filter>
    </ClCompile>
    <ClCompile Include="ResourceCache\ZipFile.cpp">
      <Filter>ResourceCache</Filter>
    </ClCompile>
    <ClCompile Include="App\BaseAppLogic.cpp">
      <Filter>App</Filter>
    </ClCompile>
    <ClCompile Include="Graphics3D\D3DRenderer.cpp">
      <Filter>Graphics3D</Filter>
    </ClCompile>
    <ClCompile Include="UserInterface\HumanView.cpp">
      <Filter>UserInterface</Filter>
    </ClCompile>
    <ClCompile Include="Graphics3D\MovementController.cpp">
      <Filter>Graphics3D</Filter>
    </ClCompile>
    <ClCompile Include="ResourceCache\ResCache.cpp">
      <Filter>ResourceCache</Filter>
    </ClCompile>
    <ClCompile Include="Utilities\String.cpp">
      <Filter>Utilities</Filter>
    </ClCompile>
    <ClCompile Include="EventManager\EventManager.cpp">
      <Filter>EventManager</Filter>
    </ClCompile>
    <ClCompile Include="EventManager\Events.cpp">
      <Filter>EventManager</Filter>
    </ClCompile>
    <ClCompile Include="LUAScripting\LuaStateManager.cpp">
      <Filter>LUAScripting</Filter>
    </ClCompile>
    <ClCompile Include="UserInterface\MessageBox.cpp">
      <Filter>UserInterface</Filter>
    </ClCompile>
    <ClCompile Include="LUAScripting\ScriptExports.cpp">
      <Filter>Source Files</Filter>
    </ClCompile>
    <ClCompile Include="LUAScripting\ScriptProcess.cpp">
      <Filter>Source Files</Filter>
    </ClCompile>
    <ClCompile Include="LUAScripting\ScriptEvent.cpp">
      <Filter>Source Files</Filter>
    </ClCompile>
    <ClCompile Include="Actors\BaseScriptComponent.cpp">
      <Filter>Source Files</Filter>
    </ClCompile>
    <ClCompile Include="Audio\SoundResource.cpp">
      <Filter>Source Files</Filter>
    </ClCompile>
    <ClCompile Include="Audio\Audio.cpp">
      <Filter>Source Files</Filter>
    </ClCompile>
    <ClCompile Include="Audio\DirectSoundAudio.cpp">
      <Filter>Source Files</Filter>
    </ClCompile>
    <ClCompile Include="Audio\SoundProcess.cpp">
      <Filter>Source Files</Filter>
    </ClCompile>
    <ClCompile Include="Graphics3D\Geometry.cpp">
      <Filter>Source Files</Filter>
    </ClCompile>
    <ClCompile Include="Graphics3D\Material.cpp">
      <Filter>Source Files</Filter>
    </ClCompile>
    <ClCompile Include="Graphics3D\Shaders.cpp">
      <Filter>Source Files</Filter>
    </ClCompile>
    <ClCompile Include="EventManager\EventManagerImpl.cpp">
      <Filter>Source Files</Filter>
    </ClCompile>
    <ClCompile Include="Graphics3D\Scene.cpp">
      <Filter>Source Files</Filter>
    </ClCompile>
    <ClCompile Include="Graphics3D\SceneNodes.cpp">
      <Filter>Source Files</Filter>
    </ClCompile>
    <ClCompile Include="Actors\RenderComponent.cpp">
      <Filter>Source Files</Filter>
    </ClCompile>
    <ClCompile Include="Graphics3D\Mesh.cpp">
      <Filter>Source Files</Filter>
    </ClCompile>
    <ClCompile Include="Graphics3D\Raycast.cpp">
      <Filter>Source Files</Filter>
    </ClCompile>
    <ClCompile Include="Graphics3D\Lights.cpp">
      <Filter>Source Files</Filter>
    </ClCompile>
    <ClCompile Include="Actors\TransformComponent.cpp">
      <Filter>Source Files</Filter>
    </ClCompile>
    <ClCompile Include="Physics\Physics.cpp">
      <Filter>Source Files</Filter>
    </ClCompile>
    <ClCompile Include="Graphics3D\Sky.cpp">
      <Filter>Source Files</Filter>
    </ClCompile>
    <ClCompile Include="Physics\PhysicsEventListener.cpp">
      <Filter>Source Files</Filter>
    </ClCompile>
    <ClCompile Include="Physics\PhysicsDebugDrawer.cpp">
      <Filter>Source Files</Filter>
    </ClCompile>
    <ClCompile Include="Memory\MemoryPool.cpp">
      <Filter>Source Files</Filter>
    </ClCompile>
    <ClCompile Include="AI\Pathing.cpp">
      <Filter>Source Files</Filter>
    </ClCompile>
  </ItemGroup>
  <ItemGroup>
    <FxCompile Include="Shaders\Nova_VSMain_VS.hlsl" />
  </ItemGroup>
</Project>